
Microsoft Visual Studio Solution File, Format Version 12.00
# Visual Studio Version 17
VisualStudioVersion = 17.11.35208.52
MinimumVisualStudioVersion = 10.0.40219.1
Project("{FAE04EC0-301F-11D3-BF4B-00C04F79EFBC}") = "Mvx.ApiClient", "src\Mvx.ApiClient\Mvx.ApiClient.csproj", "{FDEF475A-D36A-4138-8CA0-F7281B37F87D}"
EndProject
Project("{FAE04EC0-301F-11D3-BF4B-00C04F79EFBC}") = "Mvx.ApiClient.Test", "tests\Mvx.ApiClient.Test\Mvx.ApiClient.Test.csproj", "{E86654B3-EB45-455E-82D7-98A6C7B05452}"
EndProject
Project("{FAE04EC0-301F-11D3-BF4B-00C04F79EFBC}") = "Mvx.ApiClient.IT", "tests\Mvx.ApiClient.IT\Mvx.ApiClient.IT.csproj", "{8FB778ED-DA24-4123-955A-38A4413404A7}"
EndProject
Global
	GlobalSection(SolutionConfigurationPlatforms) = preSolution
		Debug|Any CPU = Debug|Any CPU
		Release|Any CPU = Release|Any CPU
	EndGlobalSection
	GlobalSection(ProjectConfigurationPlatforms) = postSolution
		{FDEF475A-D36A-4138-8CA0-F7281B37F87D}.Debug|Any CPU.ActiveCfg = Debug|Any CPU
		{FDEF475A-D36A-4138-8CA0-F7281B37F87D}.Debug|Any CPU.Build.0 = Debug|Any CPU
		{FDEF475A-D36A-4138-8CA0-F7281B37F87D}.Release|Any CPU.ActiveCfg = Release|Any CPU
		{FDEF475A-D36A-4138-8CA0-F7281B37F87D}.Release|Any CPU.Build.0 = Release|Any CPU
		{E86654B3-EB45-455E-82D7-98A6C7B05452}.Debug|Any CPU.ActiveCfg = Debug|Any CPU
		{E86654B3-EB45-455E-82D7-98A6C7B05452}.Debug|Any CPU.Build.0 = Debug|Any CPU
		{E86654B3-EB45-455E-82D7-98A6C7B05452}.Release|Any CPU.ActiveCfg = Release|Any CPU
		{E86654B3-EB45-455E-82D7-98A6C7B05452}.Release|Any CPU.Build.0 = Release|Any CPU
		{8FB778ED-DA24-4123-955A-38A4413404A7}.Debug|Any CPU.ActiveCfg = Debug|Any CPU
		{8FB778ED-DA24-4123-955A-38A4413404A7}.Debug|Any CPU.Build.0 = Debug|Any CPU
		{8FB778ED-DA24-4123-955A-38A4413404A7}.Release|Any CPU.ActiveCfg = Release|Any CPU
		{8FB778ED-DA24-4123-955A-38A4413404A7}.Release|Any CPU.Build.0 = Release|Any CPU
	EndGlobalSection
	GlobalSection(SolutionProperties) = preSolution
		HideSolutionNode = FALSE
	EndGlobalSection
	GlobalSection(ExtensibilityGlobals) = postSolution
		SolutionGuid = {380ABFB3-4898-4B17-9694-8D465E8A0B64}
	EndGlobalSection
EndGlobal
